// !$*UTF8*$!
{
	archiveVersion = 1;
	classes = {
	};
	objectVersion = 46;
	objects = {

/* Begin PBXGroup section */
		4069E7191E67F77D00C1C832 = {
			isa = PBXGroup;
			children = (
			);
			sourceTree = "<group>";
		};
/* End PBXGroup section */

/* Begin PBXProject section */
		4069E71A1E67F77D00C1C832 /* Project object */ = {
			isa = PBXProject;
			attributes = {
				LastUpgradeCheck = 0820;
			};
			buildConfigurationList = 4069E71D1E67F77D00C1C832 /* Build configuration list for PBXProject "OCMonkey" */;
			compatibilityVersion = "Xcode 3.2";
			developmentRegion = English;
			hasScannedForEncodings = 0;
			knownRegions = (
				en,
			);
			mainGroup = 4069E7191E67F77D00C1C832;
			projectDirPath = "";
			projectRoot = "";
			targets = (
			);
		};
/* End PBXProject section */

/* Begin XCBuildConfiguration section */
		4069E71E1E67F77D00C1C832 /* Debug */ = {
			isa = XCBuildConfiguration;
			buildSettings = {
			};
			name = Debug;
		};
		4069E71F1E67F77D00C1C832 /* Release */ = {
			isa = XCBuildConfiguration;
			buildSettings = {
			};
			name = Release;
		};
/* End XCBuildConfiguration section */

/* Begin XCConfigurationList section */
		4069E71D1E67F77D00C1C832 /* Build configuration list for PBXProject "OCMonkey" */ = {
			isa = XCConfigurationList;
			buildConfigurations = (
				4069E71E1E67F77D00C1C832 /* Debug */,
				4069E71F1E67F77D00C1C832 /* Release */,
			);
			defaultConfigurationIsVisible = 0;
			defaultConfigurationName = Release;
		};
/* End XCConfigurationList section */
	};
	rootObject = 4069E71A1E67F77D00C1C832 /* Project object */;
}
